
Microsoft Visual Studio Solution File, Format Version 12.00
# Visual Studio Version 16
VisualStudioVersion = 16.0.31729.503
MinimumVisualStudioVersion = 10.0.40219.1
Project("{FAE04EC0-301F-11D3-BF4B-00C04F79EFBC}") = "Academia", "Academia\Academia.csproj", "{F1D00A9D-AFB5-4FE9-B029-AD4D255A8510}"
EndProject
Global
	GlobalSection(SolutionConfigurationPlatforms) = preSolution
		Debug|Any CPU = Debug|Any CPU
		Release|Any CPU = Release|Any CPU
	EndGlobalSection
	GlobalSection(ProjectConfigurationPlatforms) = postSolution
		{F1D00A9D-AFB5-4FE9-B029-AD4D255A8510}.Debug|Any CPU.ActiveCfg = Debug|Any CPU
		{F1D00A9D-AFB5-4FE9-B029-AD4D255A8510}.Debug|Any CPU.Build.0 = Debug|Any CPU
		{F1D00A9D-AFB5-4FE9-B029-AD4D255A8510}.Release|Any CPU.ActiveCfg = Release|Any CPU
		{F1D00A9D-AFB5-4FE9-B029-AD4D255A8510}.Release|Any CPU.Build.0 = Release|Any CPU
	EndGlobalSection
	GlobalSection(SolutionProperties) = preSolution
		HideSolutionNode = FALSE
	EndGlobalSection
	GlobalSection(ExtensibilityGlobals) = postSolution
		SolutionGuid = {D74A24FA-BEC2-4C9D-9690-9EAF3A5908B2}
	EndGlobalSection
EndGlobal
